
Microsoft Visual Studio Solution File, Format Version 9.00
# Visual Studio 2005
Project("{FAE04EC0-301F-11D3-BF4B-00C04F79EFBC}") = "WinClient_CS", "WinClient_CS\WinClient_CS.csproj", "{5AE42AD9-0C4F-4E26-A9EE-13CDB60E9B2D}"
EndProject
Global
	GlobalSection(SolutionConfigurationPlatforms) = preSolution
		Debug|Any CPU = Debug|Any CPU
		Release|Any CPU = Release|Any CPU
	EndGlobalSection
	GlobalSection(ProjectConfigurationPlatforms) = postSolution
		{5AE42AD9-0C4F-4E26-A9EE-13CDB60E9B2D}.Debug|Any CPU.ActiveCfg = Debug|Any CPU
		{5AE42AD9-0C4F-4E26-A9EE-13CDB60E9B2D}.Debug|Any CPU.Build.0 = Debug|Any CPU
		{5AE42AD9-0C4F-4E26-A9EE-13CDB60E9B2D}.Release|Any CPU.ActiveCfg = Release|Any CPU
		{5AE42AD9-0C4F-4E26-A9EE-13CDB60E9B2D}.Release|Any CPU.Build.0 = Release|Any CPU
	EndGlobalSection
	GlobalSection(SolutionProperties) = preSolution
		HideSolutionNode = FALSE
	EndGlobalSection
EndGlobal
