
Microsoft Visual Studio Solution File, Format Version 9.00
# Visual Studio 2005
Project("{FAE04EC0-301F-11D3-BF4B-00C04F79EFBC}") = "Client_CS", "Client_CS\Client_CS.csproj", "{C141460D-C554-422F-8D82-CBD5B6BE746B}"
EndProject
Global
	GlobalSection(SolutionConfigurationPlatforms) = preSolution
		Debug|Any CPU = Debug|Any CPU
		Release|Any CPU = Release|Any CPU
	EndGlobalSection
	GlobalSection(ProjectConfigurationPlatforms) = postSolution
		{C141460D-C554-422F-8D82-CBD5B6BE746B}.Debug|Any CPU.ActiveCfg = Debug|Any CPU
		{C141460D-C554-422F-8D82-CBD5B6BE746B}.Debug|Any CPU.Build.0 = Debug|Any CPU
		{C141460D-C554-422F-8D82-CBD5B6BE746B}.Release|Any CPU.ActiveCfg = Release|Any CPU
		{C141460D-C554-422F-8D82-CBD5B6BE746B}.Release|Any CPU.Build.0 = Release|Any CPU
	EndGlobalSection
	GlobalSection(SolutionProperties) = preSolution
		HideSolutionNode = FALSE
	EndGlobalSection
EndGlobal
