
Microsoft Visual Studio Solution File, Format Version 9.00
# Visual Studio 2005
Project("{F184B08F-C81C-45F6-A57F-5ABD9991F28F}") = "Attendance", "Attendance.vbproj", "{D86B83B8-5886-4CB1-BCAA-6DD95D8337D7}"
EndProject
Global
	GlobalSection(SolutionConfigurationPlatforms) = preSolution
		Debug|Any CPU = Debug|Any CPU
		Release|Any CPU = Release|Any CPU
	EndGlobalSection
	GlobalSection(ProjectConfigurationPlatforms) = postSolution
		{D86B83B8-5886-4CB1-BCAA-6DD95D8337D7}.Debug|Any CPU.ActiveCfg = Debug|Any CPU
		{D86B83B8-5886-4CB1-BCAA-6DD95D8337D7}.Debug|Any CPU.Build.0 = Debug|Any CPU
		{D86B83B8-5886-4CB1-BCAA-6DD95D8337D7}.Release|Any CPU.ActiveCfg = Release|Any CPU
		{D86B83B8-5886-4CB1-BCAA-6DD95D8337D7}.Release|Any CPU.Build.0 = Release|Any CPU
	EndGlobalSection
	GlobalSection(SolutionProperties) = preSolution
		HideSolutionNode = FALSE
	EndGlobalSection
EndGlobal
