
Microsoft Visual Studio Solution File, Format Version 9.00
# Visual Studio 2005
Project("{F184B08F-C81C-45F6-A57F-5ABD9991F28F}") = "WinClient", "WinClient\WinClient.vbproj", "{18BAFD43-9363-4F34-80A2-F5CB6DE70617}"
EndProject
Global
	GlobalSection(SolutionConfigurationPlatforms) = preSolution
		Debug|Any CPU = Debug|Any CPU
		Release|Any CPU = Release|Any CPU
	EndGlobalSection
	GlobalSection(ProjectConfigurationPlatforms) = postSolution
		{18BAFD43-9363-4F34-80A2-F5CB6DE70617}.Debug|Any CPU.ActiveCfg = Debug|Any CPU
		{18BAFD43-9363-4F34-80A2-F5CB6DE70617}.Debug|Any CPU.Build.0 = Debug|Any CPU
		{18BAFD43-9363-4F34-80A2-F5CB6DE70617}.Release|Any CPU.ActiveCfg = Release|Any CPU
		{18BAFD43-9363-4F34-80A2-F5CB6DE70617}.Release|Any CPU.Build.0 = Release|Any CPU
	EndGlobalSection
	GlobalSection(SolutionProperties) = preSolution
		HideSolutionNode = FALSE
	EndGlobalSection
EndGlobal
