
Microsoft Visual Studio Solution File, Format Version 9.00
# Visual Studio 2005
Project("{FAE04EC0-301F-11D3-BF4B-00C04F79EFBC}") = "IRChat_CS", "IRChat_CS\IRChat_CS.csproj", "{F1DDCE7E-8B91-41CF-9DC1-532BF1332AA6}"
EndProject
Global
	GlobalSection(SolutionConfigurationPlatforms) = preSolution
		Debug|Any CPU = Debug|Any CPU
		Release|Any CPU = Release|Any CPU
	EndGlobalSection
	GlobalSection(ProjectConfigurationPlatforms) = postSolution
		{F1DDCE7E-8B91-41CF-9DC1-532BF1332AA6}.Debug|Any CPU.ActiveCfg = Debug|Any CPU
		{F1DDCE7E-8B91-41CF-9DC1-532BF1332AA6}.Debug|Any CPU.Build.0 = Debug|Any CPU
		{F1DDCE7E-8B91-41CF-9DC1-532BF1332AA6}.Debug|Any CPU.Deploy.0 = Debug|Any CPU
		{F1DDCE7E-8B91-41CF-9DC1-532BF1332AA6}.Release|Any CPU.ActiveCfg = Release|Any CPU
		{F1DDCE7E-8B91-41CF-9DC1-532BF1332AA6}.Release|Any CPU.Build.0 = Release|Any CPU
		{F1DDCE7E-8B91-41CF-9DC1-532BF1332AA6}.Release|Any CPU.Deploy.0 = Release|Any CPU
	EndGlobalSection
	GlobalSection(SolutionProperties) = preSolution
		HideSolutionNode = FALSE
	EndGlobalSection
EndGlobal
